// !$*UTF8*$!
{
	archiveVersion = 1;
	classes = {
	};
	objectVersion = 56;
	objects = {

/* Begin PBXBuildFile section */
		22E19E23ACEE4055B8833159 /* MusicSearchApp.swift in Sources */ = {isa = PBXBuildFile; fileRef = DB76EFD8B3244458B2A67F34 /* MusicSearchApp.swift */; };
		6E27042F7EDE4258B25967C3 /* Theme.swift in Sources */ = {isa = PBXBuildFile; fileRef = 7DE1EE4F64044E87924C17DE /* Theme.swift */; };
		34442D0984E8454CAB767F68 /* EncryptMusicHandler.swift in Sources */ = {isa = PBXBuildFile; fileRef = 3F148A3018474733A9760522 /* EncryptMusicHandler.swift */; };
		ADACC73C046C49AABD16A50D /* EncryptMusicToken.swift in Sources */ = {isa = PBXBuildFile; fileRef = F29FEA8D49D048ADBF89E635 /* EncryptMusicToken.swift */; };
		19E824CAEBA24FC794BF8BA4 /* FavoriteStore.swift in Sources */ = {isa = PBXBuildFile; fileRef = 363BEF9E09404971BFCDA6BA /* FavoriteStore.swift */; };
		C59A9FA41BF349C5A49C5314 /* LyricCacheStore.swift in Sources */ = {isa = PBXBuildFile; fileRef = 6D7AEBC64BD04658ABB62560 /* LyricCacheStore.swift */; };
		E1118A629A14440E9DDF1B69 /* BangBean.swift in Sources */ = {isa = PBXBuildFile; fileRef = 64260A4522844607AEEE77E6 /* BangBean.swift */; };
		45A18C1782BC4AA6A8DA6ED8 /* BannerBean.swift in Sources */ = {isa = PBXBuildFile; fileRef = 80FEFDE40CB64965B845907F /* BannerBean.swift */; };
		9CC38B34A0D4469D9224BD8D /* LyricEntry.swift in Sources */ = {isa = PBXBuildFile; fileRef = FA6A5F3163AF44DDA9287DBA /* LyricEntry.swift */; };
		14A6ADC21F814F54A7D03AAA /* MusicBean.swift in Sources */ = {isa = PBXBuildFile; fileRef = DFCD0C3688AC439C8995D525 /* MusicBean.swift */; };
		0CE41E9AB39F4CDF91564DD2 /* PlayingMode.swift in Sources */ = {isa = PBXBuildFile; fileRef = 20B23A438FB647C59C81178E /* PlayingMode.swift */; };
		FF844D8A4B264AFF9C99A0A5 /* SongBean.swift in Sources */ = {isa = PBXBuildFile; fileRef = 97A95FCF9F534DAC80C9301B /* SongBean.swift */; };
		53E1431EDA8A42B991E502D4 /* UpdateLogItem.swift in Sources */ = {isa = PBXBuildFile; fileRef = 7421DA1284574DDDB01A00B9 /* UpdateLogItem.swift */; };
		775F2E9B83B645EDBD029588 /* HomeModel.swift in Sources */ = {isa = PBXBuildFile; fileRef = 0D00B9F03DBD4FCEAA54D078 /* HomeModel.swift */; };
		63D141CAB6124BE39A899C03 /* HttpRequest.swift in Sources */ = {isa = PBXBuildFile; fileRef = 2667A6B55222447EB69831B8 /* HttpRequest.swift */; };
		F15E058BAE2C4B7D8934A4D3 /* MusicModel.swift in Sources */ = {isa = PBXBuildFile; fileRef = 658659C309164950A09FC813 /* MusicModel.swift */; };
		6EB7ECB730E44AC182814133 /* MusicPlayerManager.swift in Sources */ = {isa = PBXBuildFile; fileRef = 8EA3542484FF4D7EA2844631 /* MusicPlayerManager.swift */; };
		EB69F71AAC4F4C25BCF66BEC /* CommonUtils.swift in Sources */ = {isa = PBXBuildFile; fileRef = F6955FBC070D490EBC126F12 /* CommonUtils.swift */; };
		E00304ABE7F8492E9A43F516 /* ConfigsRepository.swift in Sources */ = {isa = PBXBuildFile; fileRef = E83765CDE22C4DA8AD7C2929 /* ConfigsRepository.swift */; };
		B9AB6728702949AC999F911E /* DownloadManager.swift in Sources */ = {isa = PBXBuildFile; fileRef = C94E0DF76E0F470486F4C2B0 /* DownloadManager.swift */; };
		67C0A07077824917900DF539 /* NetworkMonitor.swift in Sources */ = {isa = PBXBuildFile; fileRef = 5ECCFB6CDCDB4A86849A076A /* NetworkMonitor.swift */; };
		A627C0207DAC4AB68CD5DC54 /* PreferencesManager.swift in Sources */ = {isa = PBXBuildFile; fileRef = E23F3AB8829A4BE785AAE6D4 /* PreferencesManager.swift */; };
		5001EA6F740743C0B88FB70A /* HomeViewModel.swift in Sources */ = {isa = PBXBuildFile; fileRef = 386ADEC68B8443D7B8816458 /* HomeViewModel.swift */; };
		B756B443A5B04E17961F24DE /* MusicPlayerViewModel.swift in Sources */ = {isa = PBXBuildFile; fileRef = 5F4A2037398941D992857B1D /* MusicPlayerViewModel.swift */; };
		178F367C64AB4467AC48AEC5 /* MusicViewModel.swift in Sources */ = {isa = PBXBuildFile; fileRef = E6B639FB7CBB4116AAA1C524 /* MusicViewModel.swift */; };
		3D2EFCB1DC2A44209ECE47F5 /* AboutView.swift in Sources */ = {isa = PBXBuildFile; fileRef = 8CB7535ACD28471EB9954FAE /* AboutView.swift */; };
		65C14DDDF794477CA434371F /* SharedComponents.swift in Sources */ = {isa = PBXBuildFile; fileRef = 22CB757418284395942E89C2 /* SharedComponents.swift */; };
		149B4BB51D1B42F590C48E39 /* DownloadView.swift in Sources */ = {isa = PBXBuildFile; fileRef = CB648185300741A6B88C1382 /* DownloadView.swift */; };
		3935FA1E5E394C58AA27C02C /* HomeView.swift in Sources */ = {isa = PBXBuildFile; fileRef = CE6CD20DF41D44B685CED477 /* HomeView.swift */; };
		1E8FA82070584662BB7D17CA /* MiniPlayerBar.swift in Sources */ = {isa = PBXBuildFile; fileRef = 9BE622DB2A31424FBEFD8691 /* MiniPlayerBar.swift */; };
		3A140A96C9E94AE0BFE07CE9 /* MusicListView.swift in Sources */ = {isa = PBXBuildFile; fileRef = 485BF370A9D54A1DA66C7AEC /* MusicListView.swift */; };
		5E9FF4DBCA964F4B82E01FFE /* PlayerView.swift in Sources */ = {isa = PBXBuildFile; fileRef = 8325519E20624DB59614326A /* PlayerView.swift */; };
		AD72F566286F49FCA823E15D /* RootView.swift in Sources */ = {isa = PBXBuildFile; fileRef = 9AECC67C631A4DDDAA9F07D4 /* RootView.swift */; };
		A0A07853035C4ED992256CD0 /* SettingsView.swift in Sources */ = {isa = PBXBuildFile; fileRef = F52C286D214449F9988224C8 /* SettingsView.swift */; };
		A0BB9453A8CD4D2EAC67A175 /* SplashView.swift in Sources */ = {isa = PBXBuildFile; fileRef = 2D7656810B9D4BEF95A3A96A /* SplashView.swift */; };
		7B6807F734934555A40DE3C5 /* Assets.xcassets in Resources */ = {isa = PBXBuildFile; fileRef = D497F7A7FB2544659E911906 /* Assets.xcassets */; };
		BBE59C3FEE244440B0875D11 /* updateLog.json in Resources */ = {isa = PBXBuildFile; fileRef = 9C717FD500B24A16AF1296CB /* updateLog.json */; };
/* End PBXBuildFile section */

/* Begin PBXFileReference section */
		DB76EFD8B3244458B2A67F34 /* MusicSearchApp.swift */ = {isa = PBXFileReference; lastKnownFileType = sourcecode.swift; path = "App/MusicSearchApp.swift"; sourceTree = "<group>"; };
		7DE1EE4F64044E87924C17DE /* Theme.swift */ = {isa = PBXFileReference; lastKnownFileType = sourcecode.swift; path = "App/Theme.swift"; sourceTree = "<group>"; };
		3F148A3018474733A9760522 /* EncryptMusicHandler.swift */ = {isa = PBXFileReference; lastKnownFileType = sourcecode.swift; path = "Crypto/EncryptMusicHandler.swift"; sourceTree = "<group>"; };
		F29FEA8D49D048ADBF89E635 /* EncryptMusicToken.swift */ = {isa = PBXFileReference; lastKnownFileType = sourcecode.swift; path = "Crypto/EncryptMusicToken.swift"; sourceTree = "<group>"; };
		363BEF9E09404971BFCDA6BA /* FavoriteStore.swift */ = {isa = PBXFileReference; lastKnownFileType = sourcecode.swift; path = "Database/FavoriteStore.swift"; sourceTree = "<group>"; };
		6D7AEBC64BD04658ABB62560 /* LyricCacheStore.swift */ = {isa = PBXFileReference; lastKnownFileType = sourcecode.swift; path = "Database/LyricCacheStore.swift"; sourceTree = "<group>"; };
		64260A4522844607AEEE77E6 /* BangBean.swift */ = {isa = PBXFileReference; lastKnownFileType = sourcecode.swift; path = "Models/BangBean.swift"; sourceTree = "<group>"; };
		80FEFDE40CB64965B845907F /* BannerBean.swift */ = {isa = PBXFileReference; lastKnownFileType = sourcecode.swift; path = "Models/BannerBean.swift"; sourceTree = "<group>"; };
		FA6A5F3163AF44DDA9287DBA /* LyricEntry.swift */ = {isa = PBXFileReference; lastKnownFileType = sourcecode.swift; path = "Models/LyricEntry.swift"; sourceTree = "<group>"; };
		DFCD0C3688AC439C8995D525 /* MusicBean.swift */ = {isa = PBXFileReference; lastKnownFileType = sourcecode.swift; path = "Models/MusicBean.swift"; sourceTree = "<group>"; };
		20B23A438FB647C59C81178E /* PlayingMode.swift */ = {isa = PBXFileReference; lastKnownFileType = sourcecode.swift; path = "Models/PlayingMode.swift"; sourceTree = "<group>"; };
		97A95FCF9F534DAC80C9301B /* SongBean.swift */ = {isa = PBXFileReference; lastKnownFileType = sourcecode.swift; path = "Models/SongBean.swift"; sourceTree = "<group>"; };
		7421DA1284574DDDB01A00B9 /* UpdateLogItem.swift */ = {isa = PBXFileReference; lastKnownFileType = sourcecode.swift; path = "Models/UpdateLogItem.swift"; sourceTree = "<group>"; };
		0D00B9F03DBD4FCEAA54D078 /* HomeModel.swift */ = {isa = PBXFileReference; lastKnownFileType = sourcecode.swift; path = "Networking/HomeModel.swift"; sourceTree = "<group>"; };
		2667A6B55222447EB69831B8 /* HttpRequest.swift */ = {isa = PBXFileReference; lastKnownFileType = sourcecode.swift; path = "Networking/HttpRequest.swift"; sourceTree = "<group>"; };
		658659C309164950A09FC813 /* MusicModel.swift */ = {isa = PBXFileReference; lastKnownFileType = sourcecode.swift; path = "Networking/MusicModel.swift"; sourceTree = "<group>"; };
		8EA3542484FF4D7EA2844631 /* MusicPlayerManager.swift */ = {isa = PBXFileReference; lastKnownFileType = sourcecode.swift; path = "Player/MusicPlayerManager.swift"; sourceTree = "<group>"; };
		F6955FBC070D490EBC126F12 /* CommonUtils.swift */ = {isa = PBXFileReference; lastKnownFileType = sourcecode.swift; path = "Utils/CommonUtils.swift"; sourceTree = "<group>"; };
		E83765CDE22C4DA8AD7C2929 /* ConfigsRepository.swift */ = {isa = PBXFileReference; lastKnownFileType = sourcecode.swift; path = "Utils/ConfigsRepository.swift"; sourceTree = "<group>"; };
		C94E0DF76E0F470486F4C2B0 /* DownloadManager.swift */ = {isa = PBXFileReference; lastKnownFileType = sourcecode.swift; path = "Utils/DownloadManager.swift"; sourceTree = "<group>"; };
		5ECCFB6CDCDB4A86849A076A /* NetworkMonitor.swift */ = {isa = PBXFileReference; lastKnownFileType = sourcecode.swift; path = "Utils/NetworkMonitor.swift"; sourceTree = "<group>"; };
		E23F3AB8829A4BE785AAE6D4 /* PreferencesManager.swift */ = {isa = PBXFileReference; lastKnownFileType = sourcecode.swift; path = "Utils/PreferencesManager.swift"; sourceTree = "<group>"; };
		386ADEC68B8443D7B8816458 /* HomeViewModel.swift */ = {isa = PBXFileReference; lastKnownFileType = sourcecode.swift; path = "ViewModels/HomeViewModel.swift"; sourceTree = "<group>"; };
		5F4A2037398941D992857B1D /* MusicPlayerViewModel.swift */ = {isa = PBXFileReference; lastKnownFileType = sourcecode.swift; path = "ViewModels/MusicPlayerViewModel.swift"; sourceTree = "<group>"; };
		E6B639FB7CBB4116AAA1C524 /* MusicViewModel.swift */ = {isa = PBXFileReference; lastKnownFileType = sourcecode.swift; path = "ViewModels/MusicViewModel.swift"; sourceTree = "<group>"; };
		8CB7535ACD28471EB9954FAE /* AboutView.swift */ = {isa = PBXFileReference; lastKnownFileType = sourcecode.swift; path = "Views/AboutView.swift"; sourceTree = "<group>"; };
		22CB757418284395942E89C2 /* SharedComponents.swift */ = {isa = PBXFileReference; lastKnownFileType = sourcecode.swift; path = "Views/Components/SharedComponents.swift"; sourceTree = "<group>"; };
		CB648185300741A6B88C1382 /* DownloadView.swift */ = {isa = PBXFileReference; lastKnownFileType = sourcecode.swift; path = "Views/DownloadView.swift"; sourceTree = "<group>"; };
		CE6CD20DF41D44B685CED477 /* HomeView.swift */ = {isa = PBXFileReference; lastKnownFileType = sourcecode.swift; path = "Views/HomeView.swift"; sourceTree = "<group>"; };
		9BE622DB2A31424FBEFD8691 /* MiniPlayerBar.swift */ = {isa = PBXFileReference; lastKnownFileType = sourcecode.swift; path = "Views/MiniPlayerBar.swift"; sourceTree = "<group>"; };
		485BF370A9D54A1DA66C7AEC /* MusicListView.swift */ = {isa = PBXFileReference; lastKnownFileType = sourcecode.swift; path = "Views/MusicListView.swift"; sourceTree = "<group>"; };
		8325519E20624DB59614326A /* PlayerView.swift */ = {isa = PBXFileReference; lastKnownFileType = sourcecode.swift; path = "Views/PlayerView.swift"; sourceTree = "<group>"; };
		9AECC67C631A4DDDAA9F07D4 /* RootView.swift */ = {isa = PBXFileReference; lastKnownFileType = sourcecode.swift; path = "Views/RootView.swift"; sourceTree = "<group>"; };
		F52C286D214449F9988224C8 /* SettingsView.swift */ = {isa = PBXFileReference; lastKnownFileType = sourcecode.swift; path = "Views/SettingsView.swift"; sourceTree = "<group>"; };
		2D7656810B9D4BEF95A3A96A /* SplashView.swift */ = {isa = PBXFileReference; lastKnownFileType = sourcecode.swift; path = "Views/SplashView.swift"; sourceTree = "<group>"; };
		D497F7A7FB2544659E911906 /* Assets.xcassets */ = {isa = PBXFileReference; lastKnownFileType = folder.assetcatalog; path = Assets.xcassets; sourceTree = "<group>"; };
		9C717FD500B24A16AF1296CB /* updateLog.json */ = {isa = PBXFileReference; lastKnownFileType = text.json; path = updateLog.json; sourceTree = "<group>"; };
		97B67B8E670249D2AB797A75 /* Info.plist */ = {isa = PBXFileReference; lastKnownFileType = text.plist.xml; path = Info.plist; sourceTree = "<group>"; };
		8E5DA64A60004672B676BD9B /* MusicSearch.app */ = {isa = PBXFileReference; explicitFileType = wrapper.application; includeInIndex = 0; path = MusicSearch.app; sourceTree = BUILT_PRODUCTS_DIR; };
/* End PBXFileReference section */

/* Begin PBXFrameworksBuildPhase section */
		1030E1DC49AF4E6492AFDF83 /* Frameworks */ = {
			isa = PBXFrameworksBuildPhase;
			buildActionMask = 2147483647;
			files = (
			);
			runOnlyForDeploymentPostprocessing = 0;
		};
/* End PBXFrameworksBuildPhase section */

/* Begin PBXGroup section */
		8DB8AB2974714B09B0EF95EF = {
			isa = PBXGroup;
			children = (
				04AD2075DF034437A2396164 /* App */,
				8B15720E8A9E47278007A12B /* Models */,
				ED5DEC6BBE40421B8601AD15 /* Crypto */,
				306AF0C0109F4A118A6D6EFE /* Utils */,
				2B0373A7145D4697A80F5BB9 /* Database */,
				8FCFB4D1D3064F0680EF734E /* Networking */,
				7782ED2C8A4F46EC925EF565 /* Player */,
				3DFD20EBC5064E0D80B36E8D /* ViewModels */,
				E37A9AD3FBD440DABC695A54 /* Views */,
				1E69F677170D494591300CCE /* Resources */,
				D497F7A7FB2544659E911906 /* Assets.xcassets */,
				97B67B8E670249D2AB797A75 /* Info.plist */,
			);
			path = MusicSearch;
			sourceTree = "<group>";
		};
		E83A90D8513D4658909A9D8B /* Products */ = {
			isa = PBXGroup;
			children = (
				8E5DA64A60004672B676BD9B /* MusicSearch.app */,
			);
			name = Products;
			sourceTree = "<group>";
		};
		04AD2075DF034437A2396164 /* App */ = {
			isa = PBXGroup;
			children = (
				DB76EFD8B3244458B2A67F34 /* MusicSearchApp.swift */,
				7DE1EE4F64044E87924C17DE /* Theme.swift */,
			);
			name = App;
			sourceTree = "<group>";
		};
		8B15720E8A9E47278007A12B /* Models */ = {
			isa = PBXGroup;
			children = (
				64260A4522844607AEEE77E6 /* BangBean.swift */,
				80FEFDE40CB64965B845907F /* BannerBean.swift */,
				FA6A5F3163AF44DDA9287DBA /* LyricEntry.swift */,
				DFCD0C3688AC439C8995D525 /* MusicBean.swift */,
				20B23A438FB647C59C81178E /* PlayingMode.swift */,
				97A95FCF9F534DAC80C9301B /* SongBean.swift */,
				7421DA1284574DDDB01A00B9 /* UpdateLogItem.swift */,
			);
			name = Models;
			sourceTree = "<group>";
		};
		ED5DEC6BBE40421B8601AD15 /* Crypto */ = {
			isa = PBXGroup;
			children = (
				3F148A3018474733A9760522 /* EncryptMusicHandler.swift */,
				F29FEA8D49D048ADBF89E635 /* EncryptMusicToken.swift */,
			);
			name = Crypto;
			sourceTree = "<group>";
		};
		306AF0C0109F4A118A6D6EFE /* Utils */ = {
			isa = PBXGroup;
			children = (
				F6955FBC070D490EBC126F12 /* CommonUtils.swift */,
				E83765CDE22C4DA8AD7C2929 /* ConfigsRepository.swift */,
				C94E0DF76E0F470486F4C2B0 /* DownloadManager.swift */,
				5ECCFB6CDCDB4A86849A076A /* NetworkMonitor.swift */,
				E23F3AB8829A4BE785AAE6D4 /* PreferencesManager.swift */,
			);
			name = Utils;
			sourceTree = "<group>";
		};
		2B0373A7145D4697A80F5BB9 /* Database */ = {
			isa = PBXGroup;
			children = (
				363BEF9E09404971BFCDA6BA /* FavoriteStore.swift */,
				6D7AEBC64BD04658ABB62560 /* LyricCacheStore.swift */,
			);
			name = Database;
			sourceTree = "<group>";
		};
		8FCFB4D1D3064F0680EF734E /* Networking */ = {
			isa = PBXGroup;
			children = (
				0D00B9F03DBD4FCEAA54D078 /* HomeModel.swift */,
				2667A6B55222447EB69831B8 /* HttpRequest.swift */,
				658659C309164950A09FC813 /* MusicModel.swift */,
			);
			name = Networking;
			sourceTree = "<group>";
		};
		7782ED2C8A4F46EC925EF565 /* Player */ = {
			isa = PBXGroup;
			children = (
				8EA3542484FF4D7EA2844631 /* MusicPlayerManager.swift */,
			);
			name = Player;
			sourceTree = "<group>";
		};
		3DFD20EBC5064E0D80B36E8D /* ViewModels */ = {
			isa = PBXGroup;
			children = (
				386ADEC68B8443D7B8816458 /* HomeViewModel.swift */,
				5F4A2037398941D992857B1D /* MusicPlayerViewModel.swift */,
				E6B639FB7CBB4116AAA1C524 /* MusicViewModel.swift */,
			);
			name = ViewModels;
			sourceTree = "<group>";
		};
		E37A9AD3FBD440DABC695A54 /* Views */ = {
			isa = PBXGroup;
			children = (
				74A084ED5A364D67891D5512 /* Components */,
				8CB7535ACD28471EB9954FAE /* AboutView.swift */,
				CB648185300741A6B88C1382 /* DownloadView.swift */,
				CE6CD20DF41D44B685CED477 /* HomeView.swift */,
				9BE622DB2A31424FBEFD8691 /* MiniPlayerBar.swift */,
				485BF370A9D54A1DA66C7AEC /* MusicListView.swift */,
				8325519E20624DB59614326A /* PlayerView.swift */,
				9AECC67C631A4DDDAA9F07D4 /* RootView.swift */,
				F52C286D214449F9988224C8 /* SettingsView.swift */,
				2D7656810B9D4BEF95A3A96A /* SplashView.swift */,
			);
			name = Views;
			sourceTree = "<group>";
		};
		74A084ED5A364D67891D5512 /* Components */ = {
			isa = PBXGroup;
			children = (
				22CB757418284395942E89C2 /* SharedComponents.swift */,
			);
			name = Components;
			sourceTree = "<group>";
		};
		1E69F677170D494591300CCE /* Resources */ = {
			isa = PBXGroup;
			children = (
				9C717FD500B24A16AF1296CB /* updateLog.json */,
			);
			path = Resources;
			sourceTree = "<group>";
		};
/* End PBXGroup section */

/* Begin PBXNativeTarget section */
		B9CB0D0913D44A9FA4D62BB9 /* MusicSearch */ = {
			isa = PBXNativeTarget;
			buildConfigurationList = B389B0B3EEF44F5D9FC05727 /* Build configuration list for PBXNativeTarget "MusicSearch" */;
			buildPhases = (
				DD8B50ACF40C4B6EBA2E7F7E /* Sources */,
				1030E1DC49AF4E6492AFDF83 /* Frameworks */,
				C86B1B25A40540E2894BB21A /* Resources */,
			);
			buildRules = (
			);
			dependencies = (
			);
			name = MusicSearch;
			productName = MusicSearch;
			productReference = 8E5DA64A60004672B676BD9B /* MusicSearch.app */;
			productType = "com.apple.product-type.application";
		};
/* End PBXNativeTarget section */

/* Begin PBXProject section */
		82F05A2CEF954FE9A1EAC421 /* Project object */ = {
			isa = PBXProject;
			attributes = {
				BuildIndependentTargetsInParallel = 1;
				LastUpgradeCheck = 1600;
				TargetAttributes = {
					B9CB0D0913D44A9FA4D62BB9 = {
						CreatedOnToolsVersion = 16.0;
					};
				};
			};
			buildConfigurationList = B2D8541CBA5F4294B4CA5B95 /* Build configuration list for PBXProject "MusicSearch" */;
			compatibilityVersion = "Xcode 14.0";
			developmentRegion = en;
			hasScannedForEncodings = 0;
			knownRegions = (
				en,
				Base,
			);
			mainGroup = 8DB8AB2974714B09B0EF95EF;
			productRefGroup = E83A90D8513D4658909A9D8B /* Products */;
			projectDirPath = "";
			projectRoot = "";
			targets = (
				B9CB0D0913D44A9FA4D62BB9 /* MusicSearch */,
			);
		};
/* End PBXProject section */

/* Begin PBXResourcesBuildPhase section */
		C86B1B25A40540E2894BB21A /* Resources */ = {
			isa = PBXResourcesBuildPhase;
			buildActionMask = 2147483647;
			files = (
				7B6807F734934555A40DE3C5 /* Assets.xcassets in Resources */,
				BBE59C3FEE244440B0875D11 /* updateLog.json in Resources */,
			);
			runOnlyForDeploymentPostprocessing = 0;
		};
/* End PBXResourcesBuildPhase section */

/* Begin PBXSourcesBuildPhase section */
		DD8B50ACF40C4B6EBA2E7F7E /* Sources */ = {
			isa = PBXSourcesBuildPhase;
			buildActionMask = 2147483647;
			files = (
				22E19E23ACEE4055B8833159 /* MusicSearchApp.swift in Sources */,
				6E27042F7EDE4258B25967C3 /* Theme.swift in Sources */,
				34442D0984E8454CAB767F68 /* EncryptMusicHandler.swift in Sources */,
				ADACC73C046C49AABD16A50D /* EncryptMusicToken.swift in Sources */,
				19E824CAEBA24FC794BF8BA4 /* FavoriteStore.swift in Sources */,
				C59A9FA41BF349C5A49C5314 /* LyricCacheStore.swift in Sources */,
				E1118A629A14440E9DDF1B69 /* BangBean.swift in Sources */,
				45A18C1782BC4AA6A8DA6ED8 /* BannerBean.swift in Sources */,
				9CC38B34A0D4469D9224BD8D /* LyricEntry.swift in Sources */,
				14A6ADC21F814F54A7D03AAA /* MusicBean.swift in Sources */,
				0CE41E9AB39F4CDF91564DD2 /* PlayingMode.swift in Sources */,
				FF844D8A4B264AFF9C99A0A5 /* SongBean.swift in Sources */,
				53E1431EDA8A42B991E502D4 /* UpdateLogItem.swift in Sources */,
				775F2E9B83B645EDBD029588 /* HomeModel.swift in Sources */,
				63D141CAB6124BE39A899C03 /* HttpRequest.swift in Sources */,
				F15E058BAE2C4B7D8934A4D3 /* MusicModel.swift in Sources */,
				6EB7ECB730E44AC182814133 /* MusicPlayerManager.swift in Sources */,
				EB69F71AAC4F4C25BCF66BEC /* CommonUtils.swift in Sources */,
				E00304ABE7F8492E9A43F516 /* ConfigsRepository.swift in Sources */,
				B9AB6728702949AC999F911E /* DownloadManager.swift in Sources */,
				67C0A07077824917900DF539 /* NetworkMonitor.swift in Sources */,
				A627C0207DAC4AB68CD5DC54 /* PreferencesManager.swift in Sources */,
				5001EA6F740743C0B88FB70A /* HomeViewModel.swift in Sources */,
				B756B443A5B04E17961F24DE /* MusicPlayerViewModel.swift in Sources */,
				178F367C64AB4467AC48AEC5 /* MusicViewModel.swift in Sources */,
				3D2EFCB1DC2A44209ECE47F5 /* AboutView.swift in Sources */,
				65C14DDDF794477CA434371F /* SharedComponents.swift in Sources */,
				149B4BB51D1B42F590C48E39 /* DownloadView.swift in Sources */,
				3935FA1E5E394C58AA27C02C /* HomeView.swift in Sources */,
				1E8FA82070584662BB7D17CA /* MiniPlayerBar.swift in Sources */,
				3A140A96C9E94AE0BFE07CE9 /* MusicListView.swift in Sources */,
				5E9FF4DBCA964F4B82E01FFE /* PlayerView.swift in Sources */,
				AD72F566286F49FCA823E15D /* RootView.swift in Sources */,
				A0A07853035C4ED992256CD0 /* SettingsView.swift in Sources */,
				A0BB9453A8CD4D2EAC67A175 /* SplashView.swift in Sources */,
			);
			runOnlyForDeploymentPostprocessing = 0;
		};
/* End PBXSourcesBuildPhase section */

/* Begin XCBuildConfiguration section */
		48FF0FF067254721AD704745 /* Debug */ = {
			isa = XCBuildConfiguration;
			buildSettings = {
				ALWAYS_SEARCH_USER_PATHS = NO;
				CLANG_ANALYZER_NONNULL = YES;
				CLANG_ANALYZER_NUMBER_OBJECT_CONVERSION = YES_AGGRESSIVE;
				CLANG_CXX_LANGUAGE_STANDARD = "gnu++20";
				CLANG_ENABLE_MODULES = YES;
				CLANG_ENABLE_OBJC_ARC = YES;
				CLANG_ENABLE_OBJC_WEAK = YES;
				CLANG_WARN_BLOCK_CAPTURE_AUTORELEASING = YES;
				CLANG_WARN_BOOL_CONVERSION = YES;
				CLANG_WARN_COMMA = YES;
				CLANG_WARN_CONSTANT_CONVERSION = YES;
				CLANG_WARN_DEPRECATED_OBJC_IMPLEMENTATIONS = YES;
				CLANG_WARN_DIRECT_OBJC_ISA_USAGE = YES_ERROR;
				CLANG_WARN_DOCUMENTATION_COMMENTS = YES;
				CLANG_WARN_EMPTY_BODY = YES;
				CLANG_WARN_ENUM_CONVERSION = YES;
				CLANG_WARN_INFINITE_RECURSION = YES;
				CLANG_WARN_INT_CONVERSION = YES;
				CLANG_WARN_NON_LITERAL_NULL_CONVERSION = YES;
				CLANG_WARN_OBJC_IMPLICIT_RETAIN_SELF = YES;
				CLANG_WARN_OBJC_LITERAL_CONVERSION = YES;
				CLANG_WARN_OBJC_ROOT_CLASS = YES_ERROR;
				CLANG_WARN_QUOTED_INCLUDE_IN_FRAMEWORK_HEADER = YES;
				CLANG_WARN_RANGE_LOOP_ANALYSIS = YES;
				CLANG_WARN_STRICT_PROTOTYPES = YES;
				CLANG_WARN_SUSPICIOUS_MOVE = YES;
				CLANG_WARN_UNGUARDED_AVAILABILITY = YES_AGGRESSIVE;
				CLANG_WARN_UNREACHABLE_CODE = YES;
				CLANG_WARN__DUPLICATE_METHOD_MATCH = YES;
				COPY_PHASE_STRIP = NO;
				DEBUG_INFORMATION_FORMAT = dwarf;
				ENABLE_STRICT_OBJC_MSGSEND = YES;
				ENABLE_TESTABILITY = YES;
				GCC_C_LANGUAGE_STANDARD = gnu17;
				GCC_DYNAMIC_NO_PIC = NO;
				GCC_NO_COMMON_BLOCKS = YES;
				GCC_OPTIMIZATION_LEVEL = 0;
				GCC_PREPROCESSOR_DEFINITIONS = (
					"DEBUG=1",
					"$(inherited)",
				);
				GCC_WARN_64_TO_32_BIT_CONVERSION = YES;
				GCC_WARN_ABOUT_RETURN_TYPE = YES_ERROR;
				GCC_WARN_UNDECLARED_SELECTOR = YES;
				GCC_WARN_UNINITIALIZED_AUTOS = YES_AGGRESSIVE;
				GCC_WARN_UNUSED_FUNCTION = YES;
				GCC_WARN_UNUSED_VARIABLE = YES;
				IPHONEOS_DEPLOYMENT_TARGET = 16.0;
				MTL_ENABLE_DEBUG_INFO = INCLUDE_SOURCE;
				MTL_FAST_MATH = YES;
				ONLY_ACTIVE_ARCH = YES;
				SDKROOT = iphoneos;
				SWIFT_ACTIVE_COMPILATION_CONDITIONS = "$(inherited) DEBUG";
				SWIFT_OPTIMIZATION_LEVEL = "-Onone";
			};
			name = Debug;
		};
		87BBE39C31C64F218A73CBAB /* Release */ = {
			isa = XCBuildConfiguration;
			buildSettings = {
				ALWAYS_SEARCH_USER_PATHS = NO;
				CLANG_ANALYZER_NONNULL = YES;
				CLANG_ANALYZER_NUMBER_OBJECT_CONVERSION = YES_AGGRESSIVE;
				CLANG_CXX_LANGUAGE_STANDARD = "gnu++20";
				CLANG_ENABLE_MODULES = YES;
				CLANG_ENABLE_OBJC_ARC = YES;
				CLANG_ENABLE_OBJC_WEAK = YES;
				CLANG_WARN_BLOCK_CAPTURE_AUTORELEASING = YES;
				CLANG_WARN_BOOL_CONVERSION = YES;
				CLANG_WARN_COMMA = YES;
				CLANG_WARN_CONSTANT_CONVERSION = YES;
				CLANG_WARN_DEPRECATED_OBJC_IMPLEMENTATIONS = YES;
				CLANG_WARN_DIRECT_OBJC_ISA_USAGE = YES_ERROR;
				CLANG_WARN_DOCUMENTATION_COMMENTS = YES;
				CLANG_WARN_EMPTY_BODY = YES;
				CLANG_WARN_ENUM_CONVERSION = YES;
				CLANG_WARN_INFINITE_RECURSION = YES;
				CLANG_WARN_INT_CONVERSION = YES;
				CLANG_WARN_NON_LITERAL_NULL_CONVERSION = YES;
				CLANG_WARN_OBJC_IMPLICIT_RETAIN_SELF = YES;
				CLANG_WARN_OBJC_LITERAL_CONVERSION = YES;
				CLANG_WARN_OBJC_ROOT_CLASS = YES_ERROR;
				CLANG_WARN_QUOTED_INCLUDE_IN_FRAMEWORK_HEADER = YES;
				CLANG_WARN_RANGE_LOOP_ANALYSIS = YES;
				CLANG_WARN_STRICT_PROTOTYPES = YES;
				CLANG_WARN_SUSPICIOUS_MOVE = YES;
				CLANG_WARN_UNGUARDED_AVAILABILITY = YES_AGGRESSIVE;
				CLANG_WARN_UNREACHABLE_CODE = YES;
				CLANG_WARN__DUPLICATE_METHOD_MATCH = YES;
				COPY_PHASE_STRIP = NO;
				DEBUG_INFORMATION_FORMAT = "dwarf-with-dsym";
				ENABLE_NS_ASSERTIONS = NO;
				ENABLE_STRICT_OBJC_MSGSEND = YES;
				GCC_C_LANGUAGE_STANDARD = gnu17;
				GCC_NO_COMMON_BLOCKS = YES;
				GCC_WARN_64_TO_32_BIT_CONVERSION = YES;
				GCC_WARN_ABOUT_RETURN_TYPE = YES_ERROR;
				GCC_WARN_UNDECLARED_SELECTOR = YES;
				GCC_WARN_UNINITIALIZED_AUTOS = YES_AGGRESSIVE;
				GCC_WARN_UNUSED_FUNCTION = YES;
				GCC_WARN_UNUSED_VARIABLE = YES;
				IPHONEOS_DEPLOYMENT_TARGET = 16.0;
				MTL_ENABLE_DEBUG_INFO = NO;
				MTL_FAST_MATH = YES;
				SDKROOT = iphoneos;
				SWIFT_COMPILATION_MODE = wholemodule;
				VALIDATE_PRODUCT = YES;
			};
			name = Release;
		};
		7FDDCF5A837546EB863AA73E /* Debug */ = {
			isa = XCBuildConfiguration;
			buildSettings = {
				ASSETCATALOG_COMPILER_APPICON_NAME = AppIcon;
				ASSETCATALOG_COMPILER_GLOBAL_ACCENT_COLOR_NAME = AccentColor;
				CODE_SIGN_STYLE = Automatic;
				CURRENT_PROJECT_VERSION = 1;
				DEVELOPMENT_ASSET_PATHS = "\"\"";
				ENABLE_PREVIEWS = YES;
				GENERATE_INFOPLIST_FILE = NO;
				INFOPLIST_FILE = MusicSearch/Info.plist;
				INFOPLIST_KEY_CFBundleDisplayName = "音乐搜索";
				INFOPLIST_KEY_UILaunchScreen_Generation = YES;
				INFOPLIST_KEY_UISupportedInterfaceOrientations_iPad = "UIInterfaceOrientationPortrait UIInterfaceOrientationPortraitUpsideDown UIInterfaceOrientationLandscapeLeft UIInterfaceOrientationLandscapeRight";
				INFOPLIST_KEY_UISupportedInterfaceOrientations_iPhone = "UIInterfaceOrientationPortrait";
				LD_RUNPATH_SEARCH_PATHS = (
					"$(inherited)",
					"@executable_path/Frameworks",
				);
				MARKETING_VERSION = 1.0;
				PRODUCT_BUNDLE_IDENTIFIER = com.linfeng.musicsearch;
				PRODUCT_NAME = "$(TARGET_NAME)";
				SWIFT_EMIT_LOC_STRINGS = YES;
				SWIFT_VERSION = 5.0;
				TARGETED_DEVICE_FAMILY = "1,2";
			};
			name = Debug;
		};
		68A6D63DAF854E66BA741D81 /* Release */ = {
			isa = XCBuildConfiguration;
			buildSettings = {
				ASSETCATALOG_COMPILER_APPICON_NAME = AppIcon;
				ASSETCATALOG_COMPILER_GLOBAL_ACCENT_COLOR_NAME = AccentColor;
				CODE_SIGN_STYLE = Automatic;
				CURRENT_PROJECT_VERSION = 1;
				DEVELOPMENT_ASSET_PATHS = "\"\"";
				ENABLE_PREVIEWS = YES;
				GENERATE_INFOPLIST_FILE = NO;
				INFOPLIST_FILE = MusicSearch/Info.plist;
				INFOPLIST_KEY_CFBundleDisplayName = "音乐搜索";
				INFOPLIST_KEY_UILaunchScreen_Generation = YES;
				INFOPLIST_KEY_UISupportedInterfaceOrientations_iPad = "UIInterfaceOrientationPortrait UIInterfaceOrientationPortraitUpsideDown UIInterfaceOrientationLandscapeLeft UIInterfaceOrientationLandscapeRight";
				INFOPLIST_KEY_UISupportedInterfaceOrientations_iPhone = "UIInterfaceOrientationPortrait";
				LD_RUNPATH_SEARCH_PATHS = (
				"$(inherited)",
					"@executable_path/Frameworks",
				);
				MARKETING_VERSION = 1.0;
				PRODUCT_BUNDLE_IDENTIFIER = com.linfeng.musicsearch;
				PRODUCT_NAME = "$(TARGET_NAME)";
				SWIFT_EMIT_LOC_STRINGS = YES;
				SWIFT_VERSION = 5.0;
				TARGETED_DEVICE_FAMILY = "1,2";
			};
			name = Release;
		};
/* End XCBuildConfiguration section */

/* Begin XCConfigurationList section */
		B2D8541CBA5F4294B4CA5B95 /* Build configuration list for PBXProject "MusicSearch" */ = {
			isa = XCConfigurationList;
			buildConfigurations = (
				48FF0FF067254721AD704745 /* Debug */,
				87BBE39C31C64F218A73CBAB /* Release */,
			);
			defaultConfigurationIsVisible = 0;
			defaultConfigurationName = Release;
		};
		B389B0B3EEF44F5D9FC05727 /* Build configuration list for PBXNativeTarget "MusicSearch" */ = {
			isa = XCConfigurationList;
			buildConfigurations = (
				7FDDCF5A837546EB863AA73E /* Debug */,
				68A6D63DAF854E66BA741D81 /* Release */,
			);
			defaultConfigurationIsVisible = 0;
			defaultConfigurationName = Release;
		};
/* End XCConfigurationList section */

	};
	rootObject = 82F05A2CEF954FE9A1EAC421 /* Project object */;
}
